
Microsoft Visual Studio Solution File, Format Version 12.00
# Visual Studio 15
VisualStudioVersion = 15.0.27428.2037
MinimumVisualStudioVersion = 10.0.40219.1
Project("{FAE04EC0-301F-11D3-BF4B-00C04F79EFBC}") = "ReactiveUI.Winforms.Samples.Routing", "ReactiveUI.Winforms.Samples.Routing\ReactiveUI.Winforms.Samples.Routing.csproj", "{E72F085F-4227-4563-A3AD-07A630239DF5}"
EndProject
Project("{FAE04EC0-301F-11D3-BF4B-00C04F79EFBC}") = "ReactiveUI.Winforms.Samples.Commands", "ReactiveUI.Winforms.Samples.Commands\ReactiveUI.Winforms.Samples.Commands.csproj", "{B0F115E5-0898-4E65-A6CE-BE3739820D14}"
EndProject
Global
	GlobalSection(SolutionConfigurationPlatforms) = preSolution
		Debug|Any CPU = Debug|Any CPU
		Release|Any CPU = Release|Any CPU
	EndGlobalSection
	GlobalSection(ProjectConfigurationPlatforms) = postSolution
		{E72F085F-4227-4563-A3AD-07A630239DF5}.Debug|Any CPU.ActiveCfg = Debug|Any CPU
		{E72F085F-4227-4563-A3AD-07A630239DF5}.Debug|Any CPU.Build.0 = Debug|Any CPU
		{E72F085F-4227-4563-A3AD-07A630239DF5}.Release|Any CPU.ActiveCfg = Release|Any CPU
		{E72F085F-4227-4563-A3AD-07A630239DF5}.Release|Any CPU.Build.0 = Release|Any CPU
		{B0F115E5-0898-4E65-A6CE-BE3739820D14}.Debug|Any CPU.ActiveCfg = Debug|Any CPU
		{B0F115E5-0898-4E65-A6CE-BE3739820D14}.Debug|Any CPU.Build.0 = Debug|Any CPU
		{B0F115E5-0898-4E65-A6CE-BE3739820D14}.Release|Any CPU.ActiveCfg = Release|Any CPU
		{B0F115E5-0898-4E65-A6CE-BE3739820D14}.Release|Any CPU.Build.0 = Release|Any CPU
	EndGlobalSection
	GlobalSection(SolutionProperties) = preSolution
		HideSolutionNode = FALSE
	EndGlobalSection
	GlobalSection(ExtensibilityGlobals) = postSolution
		SolutionGuid = {FE4FC381-5DE6-43ED-B35E-0CFDCCBDA1A7}
	EndGlobalSection
EndGlobal
