
Microsoft Visual Studio Solution File, Format Version 12.00
# Visual Studio Version 16
VisualStudioVersion = 16.0.31424.327
MinimumVisualStudioVersion = 10.0.40219.1
Project("{FAE04EC0-301F-11D3-BF4B-00C04F79EFBC}") = "ReactiveUI.Winforms.Samples.Routing", "ReactiveUI.Winforms.Samples.Routing\ReactiveUI.Winforms.Samples.Routing.csproj", "{E72F085F-4227-4563-A3AD-07A630239DF5}"
EndProject
Project("{FAE04EC0-301F-11D3-BF4B-00C04F79EFBC}") = "ReactiveUI.Winforms.Samples.Commands", "ReactiveUI.Winforms.Samples.Commands\ReactiveUI.Winforms.Samples.Commands.csproj", "{B0F115E5-0898-4E65-A6CE-BE3739820D14}"
EndProject
Project("{FAE04EC0-301F-11D3-BF4B-00C04F79EFBC}") = "ReactiveUI.Winforms.Samples.Bindings", "ReactiveUI.Winforms.Samples.Bindings\ReactiveUI.Winforms.Samples.Bindings.csproj", "{16AEBB87-DDC5-444C-B22F-EF9E89835EF0}"
EndProject
Project("{9A19103F-16F7-4668-BE54-9A1E7A4F7556}") = "ReactiveUI.Winforms.Samples.Core.Bindings", "ReactiveUI.Winforms.Samples.Core.Bindings\ReactiveUI.Winforms.Samples.Core.Bindings.csproj", "{B93DEA41-CC0B-44F8-8751-C355F49B2204}"
EndProject
Project("{9A19103F-16F7-4668-BE54-9A1E7A4F7556}") = "ReactiveUI.Winforms.Samples.Core.Commands", "ReactiveUI.Winforms.Samples.Core.Commands\ReactiveUI.Winforms.Samples.Core.Commands.csproj", "{9CB03C6E-9363-42AA-9F40-98D70B2116D6}"
EndProject
Project("{9A19103F-16F7-4668-BE54-9A1E7A4F7556}") = "ReactiveUI.Winforms.Samples.Core.Routing", "ReactiveUI.Winforms.Samples.Core.Routing\ReactiveUI.Winforms.Samples.Core.Routing.csproj", "{74844149-DF5A-44E4-8B39-09A5474EFFC5}"
EndProject
Global
	GlobalSection(SolutionConfigurationPlatforms) = preSolution
		Debug|Any CPU = Debug|Any CPU
		Release|Any CPU = Release|Any CPU
	EndGlobalSection
	GlobalSection(ProjectConfigurationPlatforms) = postSolution
		{E72F085F-4227-4563-A3AD-07A630239DF5}.Debug|Any CPU.ActiveCfg = Debug|Any CPU
		{E72F085F-4227-4563-A3AD-07A630239DF5}.Debug|Any CPU.Build.0 = Debug|Any CPU
		{E72F085F-4227-4563-A3AD-07A630239DF5}.Release|Any CPU.ActiveCfg = Release|Any CPU
		{E72F085F-4227-4563-A3AD-07A630239DF5}.Release|Any CPU.Build.0 = Release|Any CPU
		{B0F115E5-0898-4E65-A6CE-BE3739820D14}.Debug|Any CPU.ActiveCfg = Debug|Any CPU
		{B0F115E5-0898-4E65-A6CE-BE3739820D14}.Debug|Any CPU.Build.0 = Debug|Any CPU
		{B0F115E5-0898-4E65-A6CE-BE3739820D14}.Release|Any CPU.ActiveCfg = Release|Any CPU
		{B0F115E5-0898-4E65-A6CE-BE3739820D14}.Release|Any CPU.Build.0 = Release|Any CPU
		{16AEBB87-DDC5-444C-B22F-EF9E89835EF0}.Debug|Any CPU.ActiveCfg = Debug|Any CPU
		{16AEBB87-DDC5-444C-B22F-EF9E89835EF0}.Debug|Any CPU.Build.0 = Debug|Any CPU
		{16AEBB87-DDC5-444C-B22F-EF9E89835EF0}.Release|Any CPU.ActiveCfg = Release|Any CPU
		{16AEBB87-DDC5-444C-B22F-EF9E89835EF0}.Release|Any CPU.Build.0 = Release|Any CPU
		{B93DEA41-CC0B-44F8-8751-C355F49B2204}.Debug|Any CPU.ActiveCfg = Debug|Any CPU
		{B93DEA41-CC0B-44F8-8751-C355F49B2204}.Debug|Any CPU.Build.0 = Debug|Any CPU
		{B93DEA41-CC0B-44F8-8751-C355F49B2204}.Release|Any CPU.ActiveCfg = Release|Any CPU
		{B93DEA41-CC0B-44F8-8751-C355F49B2204}.Release|Any CPU.Build.0 = Release|Any CPU
		{9CB03C6E-9363-42AA-9F40-98D70B2116D6}.Debug|Any CPU.ActiveCfg = Debug|Any CPU
		{9CB03C6E-9363-42AA-9F40-98D70B2116D6}.Debug|Any CPU.Build.0 = Debug|Any CPU
		{9CB03C6E-9363-42AA-9F40-98D70B2116D6}.Release|Any CPU.ActiveCfg = Release|Any CPU
		{9CB03C6E-9363-42AA-9F40-98D70B2116D6}.Release|Any CPU.Build.0 = Release|Any CPU
		{74844149-DF5A-44E4-8B39-09A5474EFFC5}.Debug|Any CPU.ActiveCfg = Debug|Any CPU
		{74844149-DF5A-44E4-8B39-09A5474EFFC5}.Debug|Any CPU.Build.0 = Debug|Any CPU
		{74844149-DF5A-44E4-8B39-09A5474EFFC5}.Release|Any CPU.ActiveCfg = Release|Any CPU
		{74844149-DF5A-44E4-8B39-09A5474EFFC5}.Release|Any CPU.Build.0 = Release|Any CPU
	EndGlobalSection
	GlobalSection(SolutionProperties) = preSolution
		HideSolutionNode = FALSE
	EndGlobalSection
	GlobalSection(ExtensibilityGlobals) = postSolution
		SolutionGuid = {FE4FC381-5DE6-43ED-B35E-0CFDCCBDA1A7}
	EndGlobalSection
EndGlobal
